
Microsoft Visual Studio Solution File, Format Version 12.00
# Visual Studio Version 16
VisualStudioVersion = 16.0.30523.141
MinimumVisualStudioVersion = 10.0.40219.1
Project("{8BC9CEB8-8B4A-11D0-8D11-00A0C91BC942}") = "Lab6.2", "Lab6.2\Lab6.2.vcxproj", "{24B5AE79-E7FD-453C-8865-F023F6B169AA}"
EndProject
Project("{8BC9CEB8-8B4A-11D0-8D11-00A0C91BC942}") = "UnitTest(Lab6.2)", "UnitTest(Lab6.2)\UnitTest(Lab6.2).vcxproj", "{37A8A71E-E80B-475D-9679-85849C155CA8}"
EndProject
Global
	GlobalSection(SolutionConfigurationPlatforms) = preSolution
		Debug|x64 = Debug|x64
		Debug|x86 = Debug|x86
		Release|x64 = Release|x64
		Release|x86 = Release|x86
	EndGlobalSection
	GlobalSection(ProjectConfigurationPlatforms) = postSolution
		{24B5AE79-E7FD-453C-8865-F023F6B169AA}.Debug|x64.ActiveCfg = Debug|x64
		{24B5AE79-E7FD-453C-8865-F023F6B169AA}.Debug|x64.Build.0 = Debug|x64
		{24B5AE79-E7FD-453C-8865-F023F6B169AA}.Debug|x86.ActiveCfg = Debug|Win32
		{24B5AE79-E7FD-453C-8865-F023F6B169AA}.Debug|x86.Build.0 = Debug|Win32
		{24B5AE79-E7FD-453C-8865-F023F6B169AA}.Release|x64.ActiveCfg = Release|x64
		{24B5AE79-E7FD-453C-8865-F023F6B169AA}.Release|x64.Build.0 = Release|x64
		{24B5AE79-E7FD-453C-8865-F023F6B169AA}.Release|x86.ActiveCfg = Release|Win32
		{24B5AE79-E7FD-453C-8865-F023F6B169AA}.Release|x86.Build.0 = Release|Win32
		{37A8A71E-E80B-475D-9679-85849C155CA8}.Debug|x64.ActiveCfg = Debug|x64
		{37A8A71E-E80B-475D-9679-85849C155CA8}.Debug|x64.Build.0 = Debug|x64
		{37A8A71E-E80B-475D-9679-85849C155CA8}.Debug|x86.ActiveCfg = Debug|Win32
		{37A8A71E-E80B-475D-9679-85849C155CA8}.Debug|x86.Build.0 = Debug|Win32
		{37A8A71E-E80B-475D-9679-85849C155CA8}.Release|x64.ActiveCfg = Release|x64
		{37A8A71E-E80B-475D-9679-85849C155CA8}.Release|x64.Build.0 = Release|x64
		{37A8A71E-E80B-475D-9679-85849C155CA8}.Release|x86.ActiveCfg = Release|Win32
		{37A8A71E-E80B-475D-9679-85849C155CA8}.Release|x86.Build.0 = Release|Win32
	EndGlobalSection
	GlobalSection(SolutionProperties) = preSolution
		HideSolutionNode = FALSE
	EndGlobalSection
	GlobalSection(ExtensibilityGlobals) = postSolution
		SolutionGuid = {457F95AD-BF0E-4E4D-8EBC-63D49CB4F362}
	EndGlobalSection
EndGlobal
